
Microsoft Visual Studio Solution File, Format Version 12.00
# Visual Studio Version 17
VisualStudioVersion = 17.14.36414.22 d17.14
MinimumVisualStudioVersion = 10.0.40219.1
Project("{FAE04EC0-301F-11D3-BF4B-00C04F79EFBC}") = "ECommerce-Console.JJHH17", "ECommerce-Console.JJHH17\ECommerce-Console.JJHH17.csproj", "{747A2717-DE9D-4FE0-A017-D3573511007B}"
EndProject
Global
	GlobalSection(SolutionConfigurationPlatforms) = preSolution
		Debug|Any CPU = Debug|Any CPU
		Release|Any CPU = Release|Any CPU
	EndGlobalSection
	GlobalSection(ProjectConfigurationPlatforms) = postSolution
		{747A2717-DE9D-4FE0-A017-D3573511007B}.Debug|Any CPU.ActiveCfg = Debug|Any CPU
		{747A2717-DE9D-4FE0-A017-D3573511007B}.Debug|Any CPU.Build.0 = Debug|Any CPU
		{747A2717-DE9D-4FE0-A017-D3573511007B}.Release|Any CPU.ActiveCfg = Release|Any CPU
		{747A2717-DE9D-4FE0-A017-D3573511007B}.Release|Any CPU.Build.0 = Release|Any CPU
	EndGlobalSection
	GlobalSection(SolutionProperties) = preSolution
		HideSolutionNode = FALSE
	EndGlobalSection
	GlobalSection(ExtensibilityGlobals) = postSolution
		SolutionGuid = {E4AF7A6B-E08E-46EE-B7EE-1CCF84CD37E3}
	EndGlobalSection
EndGlobal
